// !$*UTF8*$!
{
	archiveVersion = 1;
	classes = {
	};
	objectVersion = 56;
	objects = {

/* Begin PBXBuildFile section */
		645595922A0BAF48000CC1E0 /* InterviewApp.swift in Sources */ = {isa = PBXBuildFile; fileRef = 645595912A0BAF48000CC1E0 /* InterviewApp.swift */; };
		645595942A0BAF48000CC1E0 /* SettingView.swift in Sources */ = {isa = PBXBuildFile; fileRef = 645595932A0BAF48000CC1E0 /* SettingView.swift */; };
		645595962A0BAF48000CC1E0 /* Assets.xcassets in Resources */ = {isa = PBXBuildFile; fileRef = 645595952A0BAF48000CC1E0 /* Assets.xcassets */; };
		645595992A0BAF48000CC1E0 /* Preview Assets.xcassets in Resources */ = {isa = PBXBuildFile; fileRef = 645595982A0BAF48000CC1E0 /* Preview Assets.xcassets */; };
		645595A02A0BAF6B000CC1E0 /* FirebaseSetting.swift in Sources */ = {isa = PBXBuildFile; fileRef = 6455959F2A0BAF6B000CC1E0 /* FirebaseSetting.swift */; };
		645595A22A0BAF84000CC1E0 /* SettingProvider.swift in Sources */ = {isa = PBXBuildFile; fileRef = 645595A12A0BAF84000CC1E0 /* SettingProvider.swift */; };
		645595A42A0BAF9C000CC1E0 /* SettingsRepository.swift in Sources */ = {isa = PBXBuildFile; fileRef = 645595A32A0BAF9C000CC1E0 /* SettingsRepository.swift */; };
		645595A62A0BB1C3000CC1E0 /* SettingViewModel.swift in Sources */ = {isa = PBXBuildFile; fileRef = 645595A52A0BB1C3000CC1E0 /* SettingViewModel.swift */; };
		645595AB2A0C029B000CC1E0 /* SettingType.swift in Sources */ = {isa = PBXBuildFile; fileRef = 645595AA2A0C029B000CC1E0 /* SettingType.swift */; };
		645595AD2A0C02B9000CC1E0 /* ProtectedModeSetting.swift in Sources */ = {isa = PBXBuildFile; fileRef = 645595AC2A0C02B9000CC1E0 /* ProtectedModeSetting.swift */; };
/* End PBXBuildFile section */

/* Begin PBXFileReference section */
		6455958E2A0BAF48000CC1E0 /* InterviewApp.app */ = {isa = PBXFileReference; explicitFileType = wrapper.application; includeInIndex = 0; path = InterviewApp.app; sourceTree = BUILT_PRODUCTS_DIR; };
		645595912A0BAF48000CC1E0 /* InterviewApp.swift */ = {isa = PBXFileReference; lastKnownFileType = sourcecode.swift; path = InterviewApp.swift; sourceTree = "<group>"; };
		645595932A0BAF48000CC1E0 /* SettingView.swift */ = {isa = PBXFileReference; lastKnownFileType = sourcecode.swift; path = SettingView.swift; sourceTree = "<group>"; };
		645595952A0BAF48000CC1E0 /* Assets.xcassets */ = {isa = PBXFileReference; lastKnownFileType = folder.assetcatalog; path = Assets.xcassets; sourceTree = "<group>"; };
		645595982A0BAF48000CC1E0 /* Preview Assets.xcassets */ = {isa = PBXFileReference; lastKnownFileType = folder.assetcatalog; path = "Preview Assets.xcassets"; sourceTree = "<group>"; };
		6455959F2A0BAF6B000CC1E0 /* FirebaseSetting.swift */ = {isa = PBXFileReference; lastKnownFileType = sourcecode.swift; path = FirebaseSetting.swift; sourceTree = "<group>"; };
		645595A12A0BAF84000CC1E0 /* SettingProvider.swift */ = {isa = PBXFileReference; lastKnownFileType = sourcecode.swift; path = SettingProvider.swift; sourceTree = "<group>"; };
		645595A32A0BAF9C000CC1E0 /* SettingsRepository.swift */ = {isa = PBXFileReference; lastKnownFileType = sourcecode.swift; path = SettingsRepository.swift; sourceTree = "<group>"; };
		645595A52A0BB1C3000CC1E0 /* SettingViewModel.swift */ = {isa = PBXFileReference; lastKnownFileType = sourcecode.swift; path = SettingViewModel.swift; sourceTree = "<group>"; };
		645595AA2A0C029B000CC1E0 /* SettingType.swift */ = {isa = PBXFileReference; lastKnownFileType = sourcecode.swift; path = SettingType.swift; sourceTree = "<group>"; };
		645595AC2A0C02B9000CC1E0 /* ProtectedModeSetting.swift */ = {isa = PBXFileReference; lastKnownFileType = sourcecode.swift; path = ProtectedModeSetting.swift; sourceTree = "<group>"; };
/* End PBXFileReference section */

/* Begin PBXFrameworksBuildPhase section */
		6455958B2A0BAF48000CC1E0 /* Frameworks */ = {
			isa = PBXFrameworksBuildPhase;
			buildActionMask = 2147483647;
			files = (
			);
			runOnlyForDeploymentPostprocessing = 0;
		};
/* End PBXFrameworksBuildPhase section */

/* Begin PBXGroup section */
		645595852A0BAF48000CC1E0 = {
			isa = PBXGroup;
			children = (
				645595902A0BAF48000CC1E0 /* InterviewApp */,
				6455958F2A0BAF48000CC1E0 /* Products */,
			);
			sourceTree = "<group>";
		};
		6455958F2A0BAF48000CC1E0 /* Products */ = {
			isa = PBXGroup;
			children = (
				6455958E2A0BAF48000CC1E0 /* InterviewApp.app */,
			);
			name = Products;
			sourceTree = "<group>";
		};
		645595902A0BAF48000CC1E0 /* InterviewApp */ = {
			isa = PBXGroup;
			children = (
				645595A92A0C023D000CC1E0 /* ViewModel */,
				645595A82A0C0236000CC1E0 /* View */,
				645595A72A0C0231000CC1E0 /* Model */,
				645595912A0BAF48000CC1E0 /* InterviewApp.swift */,
				6455959F2A0BAF6B000CC1E0 /* FirebaseSetting.swift */,
				645595A12A0BAF84000CC1E0 /* SettingProvider.swift */,
				645595A32A0BAF9C000CC1E0 /* SettingsRepository.swift */,
				645595952A0BAF48000CC1E0 /* Assets.xcassets */,
				645595972A0BAF48000CC1E0 /* Preview Content */,
			);
			path = InterviewApp;
			sourceTree = "<group>";
		};
		645595972A0BAF48000CC1E0 /* Preview Content */ = {
			isa = PBXGroup;
			children = (
				645595982A0BAF48000CC1E0 /* Preview Assets.xcassets */,
			);
			path = "Preview Content";
			sourceTree = "<group>";
		};
		645595A72A0C0231000CC1E0 /* Model */ = {
			isa = PBXGroup;
			children = (
				645595AA2A0C029B000CC1E0 /* SettingType.swift */,
				645595AC2A0C02B9000CC1E0 /* ProtectedModeSetting.swift */,
			);
			path = Model;
			sourceTree = "<group>";
		};
		645595A82A0C0236000CC1E0 /* View */ = {
			isa = PBXGroup;
			children = (
				645595932A0BAF48000CC1E0 /* SettingView.swift */,
			);
			path = View;
			sourceTree = "<group>";
		};
		645595A92A0C023D000CC1E0 /* ViewModel */ = {
			isa = PBXGroup;
			children = (
				645595A52A0BB1C3000CC1E0 /* SettingViewModel.swift */,
			);
			path = ViewModel;
			sourceTree = "<group>";
		};
/* End PBXGroup section */

/* Begin PBXNativeTarget section */
		6455958D2A0BAF48000CC1E0 /* InterviewApp */ = {
			isa = PBXNativeTarget;
			buildConfigurationList = 6455959C2A0BAF48000CC1E0 /* Build configuration list for PBXNativeTarget "InterviewApp" */;
			buildPhases = (
				6455958A2A0BAF48000CC1E0 /* Sources */,
				6455958B2A0BAF48000CC1E0 /* Frameworks */,
				6455958C2A0BAF48000CC1E0 /* Resources */,
			);
			buildRules = (
			);
			dependencies = (
			);
			name = InterviewApp;
			productName = InterviewApp;
			productReference = 6455958E2A0BAF48000CC1E0 /* InterviewApp.app */;
			productType = "com.apple.product-type.application";
		};
/* End PBXNativeTarget section */

/* Begin PBXProject section */
		645595862A0BAF48000CC1E0 /* Project object */ = {
			isa = PBXProject;
			attributes = {
				BuildIndependentTargetsInParallel = 1;
				LastSwiftUpdateCheck = 1400;
				LastUpgradeCheck = 1400;
				TargetAttributes = {
					6455958D2A0BAF48000CC1E0 = {
						CreatedOnToolsVersion = 14.0;
					};
				};
			};
			buildConfigurationList = 645595892A0BAF48000CC1E0 /* Build configuration list for PBXProject "InterviewApp" */;
			compatibilityVersion = "Xcode 14.0";
			developmentRegion = en;
			hasScannedForEncodings = 0;
			knownRegions = (
				en,
				Base,
			);
			mainGroup = 645595852A0BAF48000CC1E0;
			productRefGroup = 6455958F2A0BAF48000CC1E0 /* Products */;
			projectDirPath = "";
			projectRoot = "";
			targets = (
				6455958D2A0BAF48000CC1E0 /* InterviewApp */,
			);
		};
/* End PBXProject section */

/* Begin PBXResourcesBuildPhase section */
		6455958C2A0BAF48000CC1E0 /* Resources */ = {
			isa = PBXResourcesBuildPhase;
			buildActionMask = 2147483647;
			files = (
				645595992A0BAF48000CC1E0 /* Preview Assets.xcassets in Resources */,
				645595962A0BAF48000CC1E0 /* Assets.xcassets in Resources */,
			);
			runOnlyForDeploymentPostprocessing = 0;
		};
/* End PBXResourcesBuildPhase section */

/* Begin PBXSourcesBuildPhase section */
		6455958A2A0BAF48000CC1E0 /* Sources */ = {
			isa = PBXSourcesBuildPhase;
			buildActionMask = 2147483647;
			files = (
				645595A02A0BAF6B000CC1E0 /* FirebaseSetting.swift in Sources */,
				645595A62A0BB1C3000CC1E0 /* SettingViewModel.swift in Sources */,
				645595AD2A0C02B9000CC1E0 /* ProtectedModeSetting.swift in Sources */,
				645595A22A0BAF84000CC1E0 /* SettingProvider.swift in Sources */,
				645595942A0BAF48000CC1E0 /* SettingView.swift in Sources */,
				645595AB2A0C029B000CC1E0 /* SettingType.swift in Sources */,
				645595922A0BAF48000CC1E0 /* InterviewApp.swift in Sources */,
				645595A42A0BAF9C000CC1E0 /* SettingsRepository.swift in Sources */,
			);
			runOnlyForDeploymentPostprocessing = 0;
		};
/* End PBXSourcesBuildPhase section */

/* Begin XCBuildConfiguration section */
		6455959A2A0BAF48000CC1E0 /* Debug */ = {
			isa = XCBuildConfiguration;
			buildSettings = {
				ALWAYS_SEARCH_USER_PATHS = NO;
				CLANG_ANALYZER_NONNULL = YES;
				CLANG_ANALYZER_NUMBER_OBJECT_CONVERSION = YES_AGGRESSIVE;
				CLANG_CXX_LANGUAGE_STANDARD = "gnu++20";
				CLANG_ENABLE_MODULES = YES;
				CLANG_ENABLE_OBJC_ARC = YES;
				CLANG_ENABLE_OBJC_WEAK = YES;
				CLANG_WARN_BLOCK_CAPTURE_AUTORELEASING = YES;
				CLANG_WARN_BOOL_CONVERSION = YES;
				CLANG_WARN_COMMA = YES;
				CLANG_WARN_CONSTANT_CONVERSION = YES;
				CLANG_WARN_DEPRECATED_OBJC_IMPLEMENTATIONS = YES;
				CLANG_WARN_DIRECT_OBJC_ISA_USAGE = YES_ERROR;
				CLANG_WARN_DOCUMENTATION_COMMENTS = YES;
				CLANG_WARN_EMPTY_BODY = YES;
				CLANG_WARN_ENUM_CONVERSION = YES;
				CLANG_WARN_INFINITE_RECURSION = YES;
				CLANG_WARN_INT_CONVERSION = YES;
				CLANG_WARN_NON_LITERAL_NULL_CONVERSION = YES;
				CLANG_WARN_OBJC_IMPLICIT_RETAIN_SELF = YES;
				CLANG_WARN_OBJC_LITERAL_CONVERSION = YES;
				CLANG_WARN_OBJC_ROOT_CLASS = YES_ERROR;
				CLANG_WARN_QUOTED_INCLUDE_IN_FRAMEWORK_HEADER = YES;
				CLANG_WARN_RANGE_LOOP_ANALYSIS = YES;
				CLANG_WARN_STRICT_PROTOTYPES = YES;
				CLANG_WARN_SUSPICIOUS_MOVE = YES;
				CLANG_WARN_UNGUARDED_AVAILABILITY = YES_AGGRESSIVE;
				CLANG_WARN_UNREACHABLE_CODE = YES;
				CLANG_WARN__DUPLICATE_METHOD_MATCH = YES;
				COPY_PHASE_STRIP = NO;
				DEBUG_INFORMATION_FORMAT = dwarf;
				ENABLE_STRICT_OBJC_MSGSEND = YES;
				ENABLE_TESTABILITY = YES;
				GCC_C_LANGUAGE_STANDARD = gnu11;
				GCC_DYNAMIC_NO_PIC = NO;
				GCC_NO_COMMON_BLOCKS = YES;
				GCC_OPTIMIZATION_LEVEL = 0;
				GCC_PREPROCESSOR_DEFINITIONS = (
					"DEBUG=1",
					"$(inherited)",
				);
				GCC_WARN_64_TO_32_BIT_CONVERSION = YES;
				GCC_WARN_ABOUT_RETURN_TYPE = YES_ERROR;
				GCC_WARN_UNDECLARED_SELECTOR = YES;
				GCC_WARN_UNINITIALIZED_AUTOS = YES_AGGRESSIVE;
				GCC_WARN_UNUSED_FUNCTION = YES;
				GCC_WARN_UNUSED_VARIABLE = YES;
				IPHONEOS_DEPLOYMENT_TARGET = 16.0;
				MTL_ENABLE_DEBUG_INFO = INCLUDE_SOURCE;
				MTL_FAST_MATH = YES;
				ONLY_ACTIVE_ARCH = YES;
				SDKROOT = iphoneos;
				SWIFT_ACTIVE_COMPILATION_CONDITIONS = DEBUG;
				SWIFT_OPTIMIZATION_LEVEL = "-Onone";
			};
			name = Debug;
		};
		6455959B2A0BAF48000CC1E0 /* Release */ = {
			isa = XCBuildConfiguration;
			buildSettings = {
				ALWAYS_SEARCH_USER_PATHS = NO;
				CLANG_ANALYZER_NONNULL = YES;
				CLANG_ANALYZER_NUMBER_OBJECT_CONVERSION = YES_AGGRESSIVE;
				CLANG_CXX_LANGUAGE_STANDARD = "gnu++20";
				CLANG_ENABLE_MODULES = YES;
				CLANG_ENABLE_OBJC_ARC = YES;
				CLANG_ENABLE_OBJC_WEAK = YES;
				CLANG_WARN_BLOCK_CAPTURE_AUTORELEASING = YES;
				CLANG_WARN_BOOL_CONVERSION = YES;
				CLANG_WARN_COMMA = YES;
				CLANG_WARN_CONSTANT_CONVERSION = YES;
				CLANG_WARN_DEPRECATED_OBJC_IMPLEMENTATIONS = YES;
				CLANG_WARN_DIRECT_OBJC_ISA_USAGE = YES_ERROR;
				CLANG_WARN_DOCUMENTATION_COMMENTS = YES;
				CLANG_WARN_EMPTY_BODY = YES;
				CLANG_WARN_ENUM_CONVERSION = YES;
				CLANG_WARN_INFINITE_RECURSION = YES;
				CLANG_WARN_INT_CONVERSION = YES;
				CLANG_WARN_NON_LITERAL_NULL_CONVERSION = YES;
				CLANG_WARN_OBJC_IMPLICIT_RETAIN_SELF = YES;
				CLANG_WARN_OBJC_LITERAL_CONVERSION = YES;
				CLANG_WARN_OBJC_ROOT_CLASS = YES_ERROR;
				CLANG_WARN_QUOTED_INCLUDE_IN_FRAMEWORK_HEADER = YES;
				CLANG_WARN_RANGE_LOOP_ANALYSIS = YES;
				CLANG_WARN_STRICT_PROTOTYPES = YES;
				CLANG_WARN_SUSPICIOUS_MOVE = YES;
				CLANG_WARN_UNGUARDED_AVAILABILITY = YES_AGGRESSIVE;
				CLANG_WARN_UNREACHABLE_CODE = YES;
				CLANG_WARN__DUPLICATE_METHOD_MATCH = YES;
				COPY_PHASE_STRIP = NO;
				DEBUG_INFORMATION_FORMAT = "dwarf-with-dsym";
				ENABLE_NS_ASSERTIONS = NO;
				ENABLE_STRICT_OBJC_MSGSEND = YES;
				GCC_C_LANGUAGE_STANDARD = gnu11;
				GCC_NO_COMMON_BLOCKS = YES;
				GCC_WARN_64_TO_32_BIT_CONVERSION = YES;
				GCC_WARN_ABOUT_RETURN_TYPE = YES_ERROR;
				GCC_WARN_UNDECLARED_SELECTOR = YES;
				GCC_WARN_UNINITIALIZED_AUTOS = YES_AGGRESSIVE;
				GCC_WARN_UNUSED_FUNCTION = YES;
				GCC_WARN_UNUSED_VARIABLE = YES;
				IPHONEOS_DEPLOYMENT_TARGET = 16.0;
				MTL_ENABLE_DEBUG_INFO = NO;
				MTL_FAST_MATH = YES;
				SDKROOT = iphoneos;
				SWIFT_COMPILATION_MODE = wholemodule;
				SWIFT_OPTIMIZATION_LEVEL = "-O";
				VALIDATE_PRODUCT = YES;
			};
			name = Release;
		};
		6455959D2A0BAF48000CC1E0 /* Debug */ = {
			isa = XCBuildConfiguration;
			buildSettings = {
				ASSETCATALOG_COMPILER_APPICON_NAME = AppIcon;
				ASSETCATALOG_COMPILER_GLOBAL_ACCENT_COLOR_NAME = AccentColor;
				CODE_SIGN_STYLE = Automatic;
				CURRENT_PROJECT_VERSION = 1;
				DEVELOPMENT_ASSET_PATHS = "\"InterviewApp/Preview Content\"";
				ENABLE_PREVIEWS = YES;
				GENERATE_INFOPLIST_FILE = YES;
				INFOPLIST_KEY_UIApplicationSceneManifest_Generation = YES;
				INFOPLIST_KEY_UIApplicationSupportsIndirectInputEvents = YES;
				INFOPLIST_KEY_UILaunchScreen_Generation = YES;
				INFOPLIST_KEY_UISupportedInterfaceOrientations_iPad = "UIInterfaceOrientationPortrait UIInterfaceOrientationPortraitUpsideDown UIInterfaceOrientationLandscapeLeft UIInterfaceOrientationLandscapeRight";
				INFOPLIST_KEY_UISupportedInterfaceOrientations_iPhone = "UIInterfaceOrientationPortrait UIInterfaceOrientationLandscapeLeft UIInterfaceOrientationLandscapeRight";
				LD_RUNPATH_SEARCH_PATHS = (
					"$(inherited)",
					"@executable_path/Frameworks",
				);
				MARKETING_VERSION = 1.0;
				PRODUCT_BUNDLE_IDENTIFIER = com.aziz.InterviewApp;
				PRODUCT_NAME = "$(TARGET_NAME)";
				SWIFT_EMIT_LOC_STRINGS = YES;
				SWIFT_VERSION = 5.0;
				TARGETED_DEVICE_FAMILY = "1,2";
			};
			name = Debug;
		};
		6455959E2A0BAF48000CC1E0 /* Release */ = {
			isa = XCBuildConfiguration;
			buildSettings = {
				ASSETCATALOG_COMPILER_APPICON_NAME = AppIcon;
				ASSETCATALOG_COMPILER_GLOBAL_ACCENT_COLOR_NAME = AccentColor;
				CODE_SIGN_STYLE = Automatic;
				CURRENT_PROJECT_VERSION = 1;
				DEVELOPMENT_ASSET_PATHS = "\"InterviewApp/Preview Content\"";
				ENABLE_PREVIEWS = YES;
				GENERATE_INFOPLIST_FILE = YES;
				INFOPLIST_KEY_UIApplicationSceneManifest_Generation = YES;
				INFOPLIST_KEY_UIApplicationSupportsIndirectInputEvents = YES;
				INFOPLIST_KEY_UILaunchScreen_Generation = YES;
				INFOPLIST_KEY_UISupportedInterfaceOrientations_iPad = "UIInterfaceOrientationPortrait UIInterfaceOrientationPortraitUpsideDown UIInterfaceOrientationLandscapeLeft UIInterfaceOrientationLandscapeRight";
				INFOPLIST_KEY_UISupportedInterfaceOrientations_iPhone = "UIInterfaceOrientationPortrait UIInterfaceOrientationLandscapeLeft UIInterfaceOrientationLandscapeRight";
				LD_RUNPATH_SEARCH_PATHS = (
					"$(inherited)",
					"@executable_path/Frameworks",
				);
				MARKETING_VERSION = 1.0;
				PRODUCT_BUNDLE_IDENTIFIER = com.aziz.InterviewApp;
				PRODUCT_NAME = "$(TARGET_NAME)";
				SWIFT_EMIT_LOC_STRINGS = YES;
				SWIFT_VERSION = 5.0;
				TARGETED_DEVICE_FAMILY = "1,2";
			};
			name = Release;
		};
/* End XCBuildConfiguration section */

/* Begin XCConfigurationList section */
		645595892A0BAF48000CC1E0 /* Build configuration list for PBXProject "InterviewApp" */ = {
			isa = XCConfigurationList;
			buildConfigurations = (
				6455959A2A0BAF48000CC1E0 /* Debug */,
				6455959B2A0BAF48000CC1E0 /* Release */,
			);
			defaultConfigurationIsVisible = 0;
			defaultConfigurationName = Release;
		};
		6455959C2A0BAF48000CC1E0 /* Build configuration list for PBXNativeTarget "InterviewApp" */ = {
			isa = XCConfigurationList;
			buildConfigurations = (
				6455959D2A0BAF48000CC1E0 /* Debug */,
				6455959E2A0BAF48000CC1E0 /* Release */,
			);
			defaultConfigurationIsVisible = 0;
			defaultConfigurationName = Release;
		};
/* End XCConfigurationList section */
	};
	rootObject = 645595862A0BAF48000CC1E0 /* Project object */;
}
